
Microsoft Visual Studio Solution File, Format Version 12.00
# Visual Studio Version 17
VisualStudioVersion = 17.9.34622.214
MinimumVisualStudioVersion = 10.0.40219.1
Project("{FAE04EC0-301F-11D3-BF4B-00C04F79EFBC}") = "CP2-CSHARP", "CP2-CSHARP.csproj", "{3B8E73BD-05BD-41F7-BD01-5E324428B6A7}"
EndProject
Global
	GlobalSection(SolutionConfigurationPlatforms) = preSolution
		Debug|Any CPU = Debug|Any CPU
		Release|Any CPU = Release|Any CPU
	EndGlobalSection
	GlobalSection(ProjectConfigurationPlatforms) = postSolution
		{3B8E73BD-05BD-41F7-BD01-5E324428B6A7}.Debug|Any CPU.ActiveCfg = Debug|Any CPU
		{3B8E73BD-05BD-41F7-BD01-5E324428B6A7}.Debug|Any CPU.Build.0 = Debug|Any CPU
		{3B8E73BD-05BD-41F7-BD01-5E324428B6A7}.Release|Any CPU.ActiveCfg = Release|Any CPU
		{3B8E73BD-05BD-41F7-BD01-5E324428B6A7}.Release|Any CPU.Build.0 = Release|Any CPU
	EndGlobalSection
	GlobalSection(SolutionProperties) = preSolution
		HideSolutionNode = FALSE
	EndGlobalSection
	GlobalSection(ExtensibilityGlobals) = postSolution
		SolutionGuid = {95B74912-9F50-4542-883C-807CA0188ED9}
	EndGlobalSection
EndGlobal
